
Microsoft Visual Studio Solution File, Format Version 12.00
# Visual Studio 15
VisualStudioVersion = 15.0.28010.2036
MinimumVisualStudioVersion = 10.0.40219.1
Project("{9A19103F-16F7-4668-BE54-9A1E7A4F7556}") = "ALR.Console", "ALR.Console\ALR.Console.csproj", "{3D474EC6-7CA7-482E-B2D3-10F7CD489E46}"
EndProject
Project("{9A19103F-16F7-4668-BE54-9A1E7A4F7556}") = "ALR.Utorrent", "ALR.Utorrent\ALR.Utorrent.csproj", "{1F938462-99AF-4916-9FF5-DF5A864F93BE}"
EndProject
Project("{FAE04EC0-301F-11D3-BF4B-00C04F79EFBC}") = "ALR.Common", "ALR.Common\ALR.Common.csproj", "{2C8FDD0E-1B96-4676-B937-538212805156}"
EndProject
Project("{FAE04EC0-301F-11D3-BF4B-00C04F79EFBC}") = "ALR.Filebot", "ALR.Filebot\ALR.Filebot.csproj", "{A4F7B456-F915-499A-909C-8398A96333C1}"
EndProject
Project("{FAE04EC0-301F-11D3-BF4B-00C04F79EFBC}") = "ALR.Tests", "ALR.Tests\ALR.Tests.csproj", "{FCA0FBB6-3EEC-4960-9734-605336D36233}"
EndProject
Project("{FAE04EC0-301F-11D3-BF4B-00C04F79EFBC}") = "ALR.Files", "ALR.Files\ALR.Files.csproj", "{62494CD3-40CF-48EF-ACB2-6D3B52E65674}"
EndProject
Global
	GlobalSection(SolutionConfigurationPlatforms) = preSolution
		Debug|Any CPU = Debug|Any CPU
		Release|Any CPU = Release|Any CPU
	EndGlobalSection
	GlobalSection(ProjectConfigurationPlatforms) = postSolution
		{3D474EC6-7CA7-482E-B2D3-10F7CD489E46}.Debug|Any CPU.ActiveCfg = Debug|Any CPU
		{3D474EC6-7CA7-482E-B2D3-10F7CD489E46}.Debug|Any CPU.Build.0 = Debug|Any CPU
		{3D474EC6-7CA7-482E-B2D3-10F7CD489E46}.Release|Any CPU.ActiveCfg = Release|Any CPU
		{3D474EC6-7CA7-482E-B2D3-10F7CD489E46}.Release|Any CPU.Build.0 = Release|Any CPU
		{1F938462-99AF-4916-9FF5-DF5A864F93BE}.Debug|Any CPU.ActiveCfg = Debug|Any CPU
		{1F938462-99AF-4916-9FF5-DF5A864F93BE}.Debug|Any CPU.Build.0 = Debug|Any CPU
		{1F938462-99AF-4916-9FF5-DF5A864F93BE}.Release|Any CPU.ActiveCfg = Release|Any CPU
		{1F938462-99AF-4916-9FF5-DF5A864F93BE}.Release|Any CPU.Build.0 = Release|Any CPU
		{2C8FDD0E-1B96-4676-B937-538212805156}.Debug|Any CPU.ActiveCfg = Debug|Any CPU
		{2C8FDD0E-1B96-4676-B937-538212805156}.Debug|Any CPU.Build.0 = Debug|Any CPU
		{2C8FDD0E-1B96-4676-B937-538212805156}.Release|Any CPU.ActiveCfg = Release|Any CPU
		{2C8FDD0E-1B96-4676-B937-538212805156}.Release|Any CPU.Build.0 = Release|Any CPU
		{A4F7B456-F915-499A-909C-8398A96333C1}.Debug|Any CPU.ActiveCfg = Debug|Any CPU
		{A4F7B456-F915-499A-909C-8398A96333C1}.Debug|Any CPU.Build.0 = Debug|Any CPU
		{A4F7B456-F915-499A-909C-8398A96333C1}.Release|Any CPU.ActiveCfg = Release|Any CPU
		{A4F7B456-F915-499A-909C-8398A96333C1}.Release|Any CPU.Build.0 = Release|Any CPU
		{FCA0FBB6-3EEC-4960-9734-605336D36233}.Debug|Any CPU.ActiveCfg = Debug|Any CPU
		{FCA0FBB6-3EEC-4960-9734-605336D36233}.Debug|Any CPU.Build.0 = Debug|Any CPU
		{FCA0FBB6-3EEC-4960-9734-605336D36233}.Release|Any CPU.ActiveCfg = Release|Any CPU
		{FCA0FBB6-3EEC-4960-9734-605336D36233}.Release|Any CPU.Build.0 = Release|Any CPU
		{62494CD3-40CF-48EF-ACB2-6D3B52E65674}.Debug|Any CPU.ActiveCfg = Debug|Any CPU
		{62494CD3-40CF-48EF-ACB2-6D3B52E65674}.Debug|Any CPU.Build.0 = Debug|Any CPU
		{62494CD3-40CF-48EF-ACB2-6D3B52E65674}.Release|Any CPU.ActiveCfg = Release|Any CPU
		{62494CD3-40CF-48EF-ACB2-6D3B52E65674}.Release|Any CPU.Build.0 = Release|Any CPU
	EndGlobalSection
	GlobalSection(SolutionProperties) = preSolution
		HideSolutionNode = FALSE
	EndGlobalSection
	GlobalSection(ExtensibilityGlobals) = postSolution
		SolutionGuid = {AEFBA441-F124-44CF-ACC6-BC6ADC9E41AE}
	EndGlobalSection
EndGlobal
